
Microsoft Visual Studio Solution File, Format Version 12.00
Project("{2150E333-8FDC-42A3-9474-1A3956D46DE8}") = "Services", "Services", "{22EA14D5-3F10-414B-9B41-0AD72D073C0C}"
EndProject
Project("{2150E333-8FDC-42A3-9474-1A3956D46DE8}") = "Catalog", "Catalog", "{66523B20-13E0-42CB-8A30-0874D2710AD3}"
EndProject
Project("{FAE04EC0-301F-11D3-BF4B-00C04F79EFBC}") = "MultiShop.Catalog", "Services\Catalog\MultiShop.Catalog\MultiShop.Catalog.csproj", "{A668AE37-C54E-4839-956A-2572BF87770A}"
EndProject
Project("{2150E333-8FDC-42A3-9474-1A3956D46DE8}") = "Discount", "Discount", "{3F726346-71FD-41AC-90B7-68D040262FF8}"
EndProject
Project("{FAE04EC0-301F-11D3-BF4B-00C04F79EFBC}") = "MultiShop.Discount", "Services\Catalog\MultiShop.Discount\MultiShop.Discount.csproj", "{D390D227-5D54-4C66-A1F7-49FFAFCC0A82}"
EndProject
Project("{2150E333-8FDC-42A3-9474-1A3956D46DE8}") = "Order", "Order", "{AF2815EF-1A48-48FB-8D5D-2D93A1F0A720}"
EndProject
Project("{2150E333-8FDC-42A3-9474-1A3956D46DE8}") = "Core", "Core", "{A4114F15-A5DA-4420-81E2-744628F5989F}"
EndProject
Project("{2150E333-8FDC-42A3-9474-1A3956D46DE8}") = "Infrastructure", "Infrastructure", "{3ECCD948-8BB7-46A2-9AB6-145314E672ED}"
EndProject
Project("{2150E333-8FDC-42A3-9474-1A3956D46DE8}") = "Presentation", "Presentation", "{6BB860FB-F6A2-4574-9BD4-A421A4CED661}"
EndProject
Project("{FAE04EC0-301F-11D3-BF4B-00C04F79EFBC}") = "MultiShop.Order.Domain", "Services\Order\Core\MultiShop.Order.Domain\MultiShop.Order.Domain.csproj", "{BB6428A3-E05A-4CD6-A698-F003C082A867}"
EndProject
Project("{FAE04EC0-301F-11D3-BF4B-00C04F79EFBC}") = "MultiShop.Order.Application", "Services\Order\Core\MultiShop.Order.Application\MultiShop.Order.Application.csproj", "{0DC68CA0-FF41-417F-A8BC-E374D4FB2B17}"
EndProject
Project("{FAE04EC0-301F-11D3-BF4B-00C04F79EFBC}") = "MultiShop.Order.Persistence", "Services\Order\Infrastructure\MultiShop.Order.Persistence\MultiShop.Order.Persistence.csproj", "{F3FF1FE3-A698-4F5F-AB88-02DB789E5146}"
EndProject
Project("{FAE04EC0-301F-11D3-BF4B-00C04F79EFBC}") = "MultiShop.Order.WebApi", "Services\Order\Presentation\MultiShop.Order.WebApi\MultiShop.Order.WebApi.csproj", "{A5C24026-ABBC-4F84-A16A-BAA7675EC2E7}"
EndProject
Global
	GlobalSection(SolutionConfigurationPlatforms) = preSolution
		Debug|Any CPU = Debug|Any CPU
		Release|Any CPU = Release|Any CPU
	EndGlobalSection
	GlobalSection(NestedProjects) = preSolution
		{66523B20-13E0-42CB-8A30-0874D2710AD3} = {22EA14D5-3F10-414B-9B41-0AD72D073C0C}
		{A668AE37-C54E-4839-956A-2572BF87770A} = {66523B20-13E0-42CB-8A30-0874D2710AD3}
		{3F726346-71FD-41AC-90B7-68D040262FF8} = {22EA14D5-3F10-414B-9B41-0AD72D073C0C}
		{D390D227-5D54-4C66-A1F7-49FFAFCC0A82} = {3F726346-71FD-41AC-90B7-68D040262FF8}
		{AF2815EF-1A48-48FB-8D5D-2D93A1F0A720} = {22EA14D5-3F10-414B-9B41-0AD72D073C0C}
		{A4114F15-A5DA-4420-81E2-744628F5989F} = {AF2815EF-1A48-48FB-8D5D-2D93A1F0A720}
		{3ECCD948-8BB7-46A2-9AB6-145314E672ED} = {AF2815EF-1A48-48FB-8D5D-2D93A1F0A720}
		{6BB860FB-F6A2-4574-9BD4-A421A4CED661} = {AF2815EF-1A48-48FB-8D5D-2D93A1F0A720}
		{BB6428A3-E05A-4CD6-A698-F003C082A867} = {A4114F15-A5DA-4420-81E2-744628F5989F}
		{0DC68CA0-FF41-417F-A8BC-E374D4FB2B17} = {A4114F15-A5DA-4420-81E2-744628F5989F}
		{F3FF1FE3-A698-4F5F-AB88-02DB789E5146} = {3ECCD948-8BB7-46A2-9AB6-145314E672ED}
		{A5C24026-ABBC-4F84-A16A-BAA7675EC2E7} = {6BB860FB-F6A2-4574-9BD4-A421A4CED661}
	EndGlobalSection
	GlobalSection(ProjectConfigurationPlatforms) = postSolution
		{A668AE37-C54E-4839-956A-2572BF87770A}.Debug|Any CPU.ActiveCfg = Debug|Any CPU
		{A668AE37-C54E-4839-956A-2572BF87770A}.Debug|Any CPU.Build.0 = Debug|Any CPU
		{A668AE37-C54E-4839-956A-2572BF87770A}.Release|Any CPU.ActiveCfg = Release|Any CPU
		{A668AE37-C54E-4839-956A-2572BF87770A}.Release|Any CPU.Build.0 = Release|Any CPU
		{D390D227-5D54-4C66-A1F7-49FFAFCC0A82}.Debug|Any CPU.ActiveCfg = Debug|Any CPU
		{D390D227-5D54-4C66-A1F7-49FFAFCC0A82}.Debug|Any CPU.Build.0 = Debug|Any CPU
		{D390D227-5D54-4C66-A1F7-49FFAFCC0A82}.Release|Any CPU.ActiveCfg = Release|Any CPU
		{D390D227-5D54-4C66-A1F7-49FFAFCC0A82}.Release|Any CPU.Build.0 = Release|Any CPU
		{BB6428A3-E05A-4CD6-A698-F003C082A867}.Debug|Any CPU.ActiveCfg = Debug|Any CPU
		{BB6428A3-E05A-4CD6-A698-F003C082A867}.Debug|Any CPU.Build.0 = Debug|Any CPU
		{BB6428A3-E05A-4CD6-A698-F003C082A867}.Release|Any CPU.ActiveCfg = Release|Any CPU
		{BB6428A3-E05A-4CD6-A698-F003C082A867}.Release|Any CPU.Build.0 = Release|Any CPU
		{0DC68CA0-FF41-417F-A8BC-E374D4FB2B17}.Debug|Any CPU.ActiveCfg = Debug|Any CPU
		{0DC68CA0-FF41-417F-A8BC-E374D4FB2B17}.Debug|Any CPU.Build.0 = Debug|Any CPU
		{0DC68CA0-FF41-417F-A8BC-E374D4FB2B17}.Release|Any CPU.ActiveCfg = Release|Any CPU
		{0DC68CA0-FF41-417F-A8BC-E374D4FB2B17}.Release|Any CPU.Build.0 = Release|Any CPU
		{F3FF1FE3-A698-4F5F-AB88-02DB789E5146}.Debug|Any CPU.ActiveCfg = Debug|Any CPU
		{F3FF1FE3-A698-4F5F-AB88-02DB789E5146}.Debug|Any CPU.Build.0 = Debug|Any CPU
		{F3FF1FE3-A698-4F5F-AB88-02DB789E5146}.Release|Any CPU.ActiveCfg = Release|Any CPU
		{F3FF1FE3-A698-4F5F-AB88-02DB789E5146}.Release|Any CPU.Build.0 = Release|Any CPU
		{A5C24026-ABBC-4F84-A16A-BAA7675EC2E7}.Debug|Any CPU.ActiveCfg = Debug|Any CPU
		{A5C24026-ABBC-4F84-A16A-BAA7675EC2E7}.Debug|Any CPU.Build.0 = Debug|Any CPU
		{A5C24026-ABBC-4F84-A16A-BAA7675EC2E7}.Release|Any CPU.ActiveCfg = Release|Any CPU
		{A5C24026-ABBC-4F84-A16A-BAA7675EC2E7}.Release|Any CPU.Build.0 = Release|Any CPU
	EndGlobalSection
EndGlobal
